
Microsoft Visual Studio Solution File, Format Version 12.00
# Visual Studio 14
VisualStudioVersion = 14.0.22310.1
MinimumVisualStudioVersion = 10.0.40219.1
Project("{2150E333-8FDC-42A3-9474-1A3956D46DE8}") = "Engine", "Engine", "{80242DF9-EE86-466E-BD89-D1FF2D098A41}"
EndProject
Project("{2150E333-8FDC-42A3-9474-1A3956D46DE8}") = "Games", "Games", "{2B63FC7B-54A6-4DA7-8402-D09DA1F075F9}"
EndProject
Project("{8BC9CEB8-8B4A-11D0-8D11-00A0C91BC942}") = "UE4", "Intermediate\ProjectFiles\UE4.vcxproj", "{28B7CBE1-3586-4317-805F-0179C5648B73}"
EndProject
Project("{8BC9CEB8-8B4A-11D0-8D11-00A0C91BC942}") = "BuildingEscape", "Intermediate\ProjectFiles\BuildingEscape.vcxproj", "{AF050CBA-FA87-4881-B584-856D0FAA5850}"
EndProject
Global
	GlobalSection(SolutionConfigurationPlatforms) = preSolution
		DebugGame Editor|Win32 = DebugGame Editor|Win32
		DebugGame Editor|Win64 = DebugGame Editor|Win64
		DebugGame|Win32 = DebugGame|Win32
		DebugGame|Win64 = DebugGame|Win64
		Development Editor|Win32 = Development Editor|Win32
		Development Editor|Win64 = Development Editor|Win64
		Development|Win32 = Development|Win32
		Development|Win64 = Development|Win64
		Shipping|Win32 = Shipping|Win32
		Shipping|Win64 = Shipping|Win64
	EndGlobalSection
	GlobalSection(ProjectConfigurationPlatforms) = postSolution
		{AF050CBA-FA87-4881-B584-856D0FAA5850}.DebugGame Editor|Win32.ActiveCfg = DebugGame_Editor|Win32
		{AF050CBA-FA87-4881-B584-856D0FAA5850}.DebugGame Editor|Win32.Build.0 = DebugGame_Editor|Win32
		{AF050CBA-FA87-4881-B584-856D0FAA5850}.DebugGame Editor|Win64.ActiveCfg = DebugGame_Editor|x64
		{AF050CBA-FA87-4881-B584-856D0FAA5850}.DebugGame Editor|Win64.Build.0 = DebugGame_Editor|x64
		{AF050CBA-FA87-4881-B584-856D0FAA5850}.DebugGame|Win32.ActiveCfg = DebugGame_Game|Win32
		{AF050CBA-FA87-4881-B584-856D0FAA5850}.DebugGame|Win32.Build.0 = DebugGame_Game|Win32
		{AF050CBA-FA87-4881-B584-856D0FAA5850}.DebugGame|Win64.ActiveCfg = DebugGame_Game|x64
		{AF050CBA-FA87-4881-B584-856D0FAA5850}.DebugGame|Win64.Build.0 = DebugGame_Game|x64
		{AF050CBA-FA87-4881-B584-856D0FAA5850}.Development Editor|Win32.ActiveCfg = Development_Editor|Win32
		{AF050CBA-FA87-4881-B584-856D0FAA5850}.Development Editor|Win32.Build.0 = Development_Editor|Win32
		{AF050CBA-FA87-4881-B584-856D0FAA5850}.Development Editor|Win64.ActiveCfg = Development_Editor|x64
		{AF050CBA-FA87-4881-B584-856D0FAA5850}.Development Editor|Win64.Build.0 = Development_Editor|x64
		{AF050CBA-FA87-4881-B584-856D0FAA5850}.Development|Win32.ActiveCfg = Development_Game|Win32
		{AF050CBA-FA87-4881-B584-856D0FAA5850}.Development|Win32.Build.0 = Development_Game|Win32
		{AF050CBA-FA87-4881-B584-856D0FAA5850}.Development|Win64.ActiveCfg = Development_Game|x64
		{AF050CBA-FA87-4881-B584-856D0FAA5850}.Development|Win64.Build.0 = Development_Game|x64
		{AF050CBA-FA87-4881-B584-856D0FAA5850}.Shipping|Win32.ActiveCfg = Shipping_Game|Win32
		{AF050CBA-FA87-4881-B584-856D0FAA5850}.Shipping|Win32.Build.0 = Shipping_Game|Win32
		{AF050CBA-FA87-4881-B584-856D0FAA5850}.Shipping|Win64.ActiveCfg = Shipping_Game|x64
		{AF050CBA-FA87-4881-B584-856D0FAA5850}.Shipping|Win64.Build.0 = Shipping_Game|x64
	EndGlobalSection
	GlobalSection(SolutionProperties) = preSolution
		HideSolutionNode = FALSE
	EndGlobalSection
	GlobalSection(NestedProjects) = preSolution
		{28B7CBE1-3586-4317-805F-0179C5648B73} = {80242DF9-EE86-466E-BD89-D1FF2D098A41}
		{AF050CBA-FA87-4881-B584-856D0FAA5850} = {2B63FC7B-54A6-4DA7-8402-D09DA1F075F9}
	EndGlobalSection
EndGlobal
